
Microsoft Visual Studio Solution File, Format Version 12.00
# Visual Studio Version 17
VisualStudioVersion = 17.14.36127.28 d17.14
MinimumVisualStudioVersion = 10.0.40219.1
Project("{FAE04EC0-301F-11D3-BF4B-00C04F79EFBC}") = "WorkingHouse_DartMFG", "WorkingHouse_DartMFG\WorkingHouse_DartMFG.csproj", "{A88CBA7F-0DD2-42C4-B221-5F80AC0D9C85}"
EndProject
Global
	GlobalSection(SolutionConfigurationPlatforms) = preSolution
		Debug|Any CPU = Debug|Any CPU
		Release|Any CPU = Release|Any CPU
	EndGlobalSection
	GlobalSection(ProjectConfigurationPlatforms) = postSolution
		{A88CBA7F-0DD2-42C4-B221-5F80AC0D9C85}.Debug|Any CPU.ActiveCfg = Debug|Any CPU
		{A88CBA7F-0DD2-42C4-B221-5F80AC0D9C85}.Debug|Any CPU.Build.0 = Debug|Any CPU
		{A88CBA7F-0DD2-42C4-B221-5F80AC0D9C85}.Release|Any CPU.ActiveCfg = Release|Any CPU
		{A88CBA7F-0DD2-42C4-B221-5F80AC0D9C85}.Release|Any CPU.Build.0 = Release|Any CPU
	EndGlobalSection
	GlobalSection(SolutionProperties) = preSolution
		HideSolutionNode = FALSE
	EndGlobalSection
	GlobalSection(ExtensibilityGlobals) = postSolution
		SolutionGuid = {8995D49C-92F3-4B20-A2CC-14AAFD193EF7}
	EndGlobalSection
EndGlobal
